
Microsoft Visual Studio Solution File, Format Version 12.00
# Visual Studio Version 16
VisualStudioVersion = 16.0.29609.76
MinimumVisualStudioVersion = 10.0.40219.1
Project("{FAE04EC0-301F-11D3-BF4B-00C04F79EFBC}") = "SupPlayer", "SupPlayer.csproj", "{28650278-ABF9-4B05-99B8-6F366F8A5E00}"
EndProject
Global
	GlobalSection(SolutionConfigurationPlatforms) = preSolution
		Debug|Any CPU = Debug|Any CPU
		Release|Any CPU = Release|Any CPU
	EndGlobalSection
	GlobalSection(ProjectConfigurationPlatforms) = postSolution
		{28650278-ABF9-4B05-99B8-6F366F8A5E00}.Debug|Any CPU.ActiveCfg = Debug|Any CPU
		{28650278-ABF9-4B05-99B8-6F366F8A5E00}.Debug|Any CPU.Build.0 = Debug|Any CPU
		{28650278-ABF9-4B05-99B8-6F366F8A5E00}.Release|Any CPU.ActiveCfg = Release|Any CPU
		{28650278-ABF9-4B05-99B8-6F366F8A5E00}.Release|Any CPU.Build.0 = Release|Any CPU
	EndGlobalSection
	GlobalSection(SolutionProperties) = preSolution
		HideSolutionNode = FALSE
	EndGlobalSection
	GlobalSection(ExtensibilityGlobals) = postSolution
		SolutionGuid = {E59221EE-EBDE-489E-9464-DB37AFEB595F}
	EndGlobalSection
EndGlobal
